
Microsoft Visual Studio Solution File, Format Version 12.00
# Visual Studio 15
VisualStudioVersion = 15.0.28307.489
MinimumVisualStudioVersion = 10.0.40219.1
Project("{FAE04EC0-301F-11D3-BF4B-00C04F79EFBC}") = "MatrixCalc", "MatrixCalc\MatrixCalc.csproj", "{9B6EDDFB-4473-45BD-84E9-D99090ECA7CC}"
EndProject
Project("{FAE04EC0-301F-11D3-BF4B-00C04F79EFBC}") = "Matrix_should", "Matrix_should\Matrix_should.csproj", "{4FA11262-AA2C-467F-AAAB-3A5206A2EDF6}"
EndProject
Global
	GlobalSection(SolutionConfigurationPlatforms) = preSolution
		Debug|Any CPU = Debug|Any CPU
		Release|Any CPU = Release|Any CPU
	EndGlobalSection
	GlobalSection(ProjectConfigurationPlatforms) = postSolution
		{9B6EDDFB-4473-45BD-84E9-D99090ECA7CC}.Debug|Any CPU.ActiveCfg = Debug|Any CPU
		{9B6EDDFB-4473-45BD-84E9-D99090ECA7CC}.Debug|Any CPU.Build.0 = Debug|Any CPU
		{9B6EDDFB-4473-45BD-84E9-D99090ECA7CC}.Release|Any CPU.ActiveCfg = Release|Any CPU
		{9B6EDDFB-4473-45BD-84E9-D99090ECA7CC}.Release|Any CPU.Build.0 = Release|Any CPU
		{4FA11262-AA2C-467F-AAAB-3A5206A2EDF6}.Debug|Any CPU.ActiveCfg = Debug|Any CPU
		{4FA11262-AA2C-467F-AAAB-3A5206A2EDF6}.Debug|Any CPU.Build.0 = Debug|Any CPU
		{4FA11262-AA2C-467F-AAAB-3A5206A2EDF6}.Release|Any CPU.ActiveCfg = Release|Any CPU
		{4FA11262-AA2C-467F-AAAB-3A5206A2EDF6}.Release|Any CPU.Build.0 = Release|Any CPU
	EndGlobalSection
	GlobalSection(SolutionProperties) = preSolution
		HideSolutionNode = FALSE
	EndGlobalSection
	GlobalSection(ExtensibilityGlobals) = postSolution
		SolutionGuid = {C4ACC9CE-53C1-4CA7-8B4F-D1A39BAAEC0F}
	EndGlobalSection
EndGlobal
